// !$*UTF8*$!
{
	archiveVersion = 1;
	classes = {
	};
	objectVersion = 46;
	objects = {

/* Begin PBXBuildFile section */
		33DECB1119F6A6EE00169AEF /* AppDelegate.swift in Sources */ = {isa = PBXBuildFile; fileRef = 33DECB1019F6A6EE00169AEF /* AppDelegate.swift */; };
		33DECB1319F6A6EE00169AEF /* ViewController.swift in Sources */ = {isa = PBXBuildFile; fileRef = 33DECB1219F6A6EE00169AEF /* ViewController.swift */; };
		33DECB1619F6A6EE00169AEF /* Main.storyboard in Resources */ = {isa = PBXBuildFile; fileRef = 33DECB1419F6A6EE00169AEF /* Main.storyboard */; };
		33DECB1819F6A6EE00169AEF /* Images.xcassets in Resources */ = {isa = PBXBuildFile; fileRef = 33DECB1719F6A6EE00169AEF /* Images.xcassets */; };
		33DECB1B19F6A6EE00169AEF /* LaunchScreen.xib in Resources */ = {isa = PBXBuildFile; fileRef = 33DECB1919F6A6EE00169AEF /* LaunchScreen.xib */; };
		33DECB2719F6A6EE00169AEF /* SlotMachineTests.swift in Sources */ = {isa = PBXBuildFile; fileRef = 33DECB2619F6A6EE00169AEF /* SlotMachineTests.swift */; };
/* End PBXBuildFile section */

/* Begin PBXContainerItemProxy section */
		33DECB2119F6A6EE00169AEF /* PBXContainerItemProxy */ = {
			isa = PBXContainerItemProxy;
			containerPortal = 33DECB0319F6A6EE00169AEF /* Project object */;
			proxyType = 1;
			remoteGlobalIDString = 33DECB0A19F6A6EE00169AEF;
			remoteInfo = SlotMachine;
		};
/* End PBXContainerItemProxy section */

/* Begin PBXFileReference section */
		33DECB0B19F6A6EE00169AEF /* SlotMachine.app */ = {isa = PBXFileReference; explicitFileType = wrapper.application; includeInIndex = 0; path = SlotMachine.app; sourceTree = BUILT_PRODUCTS_DIR; };
		33DECB0F19F6A6EE00169AEF /* Info.plist */ = {isa = PBXFileReference; lastKnownFileType = text.plist.xml; path = Info.plist; sourceTree = "<group>"; };
		33DECB1019F6A6EE00169AEF /* AppDelegate.swift */ = {isa = PBXFileReference; lastKnownFileType = sourcecode.swift; path = AppDelegate.swift; sourceTree = "<group>"; };
		33DECB1219F6A6EE00169AEF /* ViewController.swift */ = {isa = PBXFileReference; lastKnownFileType = sourcecode.swift; path = ViewController.swift; sourceTree = "<group>"; };
		33DECB1519F6A6EE00169AEF /* Base */ = {isa = PBXFileReference; lastKnownFileType = file.storyboard; name = Base; path = Base.lproj/Main.storyboard; sourceTree = "<group>"; };
		33DECB1719F6A6EE00169AEF /* Images.xcassets */ = {isa = PBXFileReference; lastKnownFileType = folder.assetcatalog; path = Images.xcassets; sourceTree = "<group>"; };
		33DECB1A19F6A6EE00169AEF /* Base */ = {isa = PBXFileReference; lastKnownFileType = file.xib; name = Base; path = Base.lproj/LaunchScreen.xib; sourceTree = "<group>"; };
		33DECB2019F6A6EE00169AEF /* SlotMachineTests.xctest */ = {isa = PBXFileReference; explicitFileType = wrapper.cfbundle; includeInIndex = 0; path = SlotMachineTests.xctest; sourceTree = BUILT_PRODUCTS_DIR; };
		33DECB2519F6A6EE00169AEF /* Info.plist */ = {isa = PBXFileReference; lastKnownFileType = text.plist.xml; path = Info.plist; sourceTree = "<group>"; };
		33DECB2619F6A6EE00169AEF /* SlotMachineTests.swift */ = {isa = PBXFileReference; lastKnownFileType = sourcecode.swift; path = SlotMachineTests.swift; sourceTree = "<group>"; };
/* End PBXFileReference section */

/* Begin PBXFrameworksBuildPhase section */
		33DECB0819F6A6EE00169AEF /* Frameworks */ = {
			isa = PBXFrameworksBuildPhase;
			buildActionMask = 2147483647;
			files = (
			);
			runOnlyForDeploymentPostprocessing = 0;
		};
		33DECB1D19F6A6EE00169AEF /* Frameworks */ = {
			isa = PBXFrameworksBuildPhase;
			buildActionMask = 2147483647;
			files = (
			);
			runOnlyForDeploymentPostprocessing = 0;
		};
/* End PBXFrameworksBuildPhase section */

/* Begin PBXGroup section */
		33DECB0219F6A6EE00169AEF = {
			isa = PBXGroup;
			children = (
				33DECB0D19F6A6EE00169AEF /* SlotMachine */,
				33DECB2319F6A6EE00169AEF /* SlotMachineTests */,
				33DECB0C19F6A6EE00169AEF /* Products */,
			);
			sourceTree = "<group>";
		};
		33DECB0C19F6A6EE00169AEF /* Products */ = {
			isa = PBXGroup;
			children = (
				33DECB0B19F6A6EE00169AEF /* SlotMachine.app */,
				33DECB2019F6A6EE00169AEF /* SlotMachineTests.xctest */,
			);
			name = Products;
			sourceTree = "<group>";
		};
		33DECB0D19F6A6EE00169AEF /* SlotMachine */ = {
			isa = PBXGroup;
			children = (
				33DECB1019F6A6EE00169AEF /* AppDelegate.swift */,
				33DECB1219F6A6EE00169AEF /* ViewController.swift */,
				33DECB1419F6A6EE00169AEF /* Main.storyboard */,
				33DECB1719F6A6EE00169AEF /* Images.xcassets */,
				33DECB1919F6A6EE00169AEF /* LaunchScreen.xib */,
				33DECB0E19F6A6EE00169AEF /* Supporting Files */,
			);
			path = SlotMachine;
			sourceTree = "<group>";
		};
		33DECB0E19F6A6EE00169AEF /* Supporting Files */ = {
			isa = PBXGroup;
			children = (
				33DECB0F19F6A6EE00169AEF /* Info.plist */,
			);
			name = "Supporting Files";
			sourceTree = "<group>";
		};
		33DECB2319F6A6EE00169AEF /* SlotMachineTests */ = {
			isa = PBXGroup;
			children = (
				33DECB2619F6A6EE00169AEF /* SlotMachineTests.swift */,
				33DECB2419F6A6EE00169AEF /* Supporting Files */,
			);
			path = SlotMachineTests;
			sourceTree = "<group>";
		};
		33DECB2419F6A6EE00169AEF /* Supporting Files */ = {
			isa = PBXGroup;
			children = (
				33DECB2519F6A6EE00169AEF /* Info.plist */,
			);
			name = "Supporting Files";
			sourceTree = "<group>";
		};
/* End PBXGroup section */

/* Begin PBXNativeTarget section */
		33DECB0A19F6A6EE00169AEF /* SlotMachine */ = {
			isa = PBXNativeTarget;
			buildConfigurationList = 33DECB2A19F6A6EE00169AEF /* Build configuration list for PBXNativeTarget "SlotMachine" */;
			buildPhases = (
				33DECB0719F6A6EE00169AEF /* Sources */,
				33DECB0819F6A6EE00169AEF /* Frameworks */,
				33DECB0919F6A6EE00169AEF /* Resources */,
			);
			buildRules = (
			);
			dependencies = (
			);
			name = SlotMachine;
			productName = SlotMachine;
			productReference = 33DECB0B19F6A6EE00169AEF /* SlotMachine.app */;
			productType = "com.apple.product-type.application";
		};
		33DECB1F19F6A6EE00169AEF /* SlotMachineTests */ = {
			isa = PBXNativeTarget;
			buildConfigurationList = 33DECB2D19F6A6EE00169AEF /* Build configuration list for PBXNativeTarget "SlotMachineTests" */;
			buildPhases = (
				33DECB1C19F6A6EE00169AEF /* Sources */,
				33DECB1D19F6A6EE00169AEF /* Frameworks */,
				33DECB1E19F6A6EE00169AEF /* Resources */,
			);
			buildRules = (
			);
			dependencies = (
				33DECB2219F6A6EE00169AEF /* PBXTargetDependency */,
			);
			name = SlotMachineTests;
			productName = SlotMachineTests;
			productReference = 33DECB2019F6A6EE00169AEF /* SlotMachineTests.xctest */;
			productType = "com.apple.product-type.bundle.unit-test";
		};
/* End PBXNativeTarget section */

/* Begin PBXProject section */
		33DECB0319F6A6EE00169AEF /* Project object */ = {
			isa = PBXProject;
			attributes = {
				LastUpgradeCheck = 0600;
				ORGANIZATIONNAME = nightwaresystems.com;
				TargetAttributes = {
					33DECB0A19F6A6EE00169AEF = {
						CreatedOnToolsVersion = 6.0;
					};
					33DECB1F19F6A6EE00169AEF = {
						CreatedOnToolsVersion = 6.0;
						TestTargetID = 33DECB0A19F6A6EE00169AEF;
					};
				};
			};
			buildConfigurationList = 33DECB0619F6A6EE00169AEF /* Build configuration list for PBXProject "SlotMachine" */;
			compatibilityVersion = "Xcode 3.2";
			developmentRegion = English;
			hasScannedForEncodings = 0;
			knownRegions = (
				en,
				Base,
			);
			mainGroup = 33DECB0219F6A6EE00169AEF;
			productRefGroup = 33DECB0C19F6A6EE00169AEF /* Products */;
			projectDirPath = "";
			projectRoot = "";
			targets = (
				33DECB0A19F6A6EE00169AEF /* SlotMachine */,
				33DECB1F19F6A6EE00169AEF /* SlotMachineTests */,
			);
		};
/* End PBXProject section */

/* Begin PBXResourcesBuildPhase section */
		33DECB0919F6A6EE00169AEF /* Resources */ = {
			isa = PBXResourcesBuildPhase;
			buildActionMask = 2147483647;
			files = (
				33DECB1619F6A6EE00169AEF /* Main.storyboard in Resources */,
				33DECB1B19F6A6EE00169AEF /* LaunchScreen.xib in Resources */,
				33DECB1819F6A6EE00169AEF /* Images.xcassets in Resources */,
			);
			runOnlyForDeploymentPostprocessing = 0;
		};
		33DECB1E19F6A6EE00169AEF /* Resources */ = {
			isa = PBXResourcesBuildPhase;
			buildActionMask = 2147483647;
			files = (
			);
			runOnlyForDeploymentPostprocessing = 0;
		};
/* End PBXResourcesBuildPhase section */

/* Begin PBXSourcesBuildPhase section */
		33DECB0719F6A6EE00169AEF /* Sources */ = {
			isa = PBXSourcesBuildPhase;
			buildActionMask = 2147483647;
			files = (
				33DECB1319F6A6EE00169AEF /* ViewController.swift in Sources */,
				33DECB1119F6A6EE00169AEF /* AppDelegate.swift in Sources */,
			);
			runOnlyForDeploymentPostprocessing = 0;
		};
		33DECB1C19F6A6EE00169AEF /* Sources */ = {
			isa = PBXSourcesBuildPhase;
			buildActionMask = 2147483647;
			files = (
				33DECB2719F6A6EE00169AEF /* SlotMachineTests.swift in Sources */,
			);
			runOnlyForDeploymentPostprocessing = 0;
		};
/* End PBXSourcesBuildPhase section */

/* Begin PBXTargetDependency section */
		33DECB2219F6A6EE00169AEF /* PBXTargetDependency */ = {
			isa = PBXTargetDependency;
			target = 33DECB0A19F6A6EE00169AEF /* SlotMachine */;
			targetProxy = 33DECB2119F6A6EE00169AEF /* PBXContainerItemProxy */;
		};
/* End PBXTargetDependency section */

/* Begin PBXVariantGroup section */
		33DECB1419F6A6EE00169AEF /* Main.storyboard */ = {
			isa = PBXVariantGroup;
			children = (
				33DECB1519F6A6EE00169AEF /* Base */,
			);
			name = Main.storyboard;
			sourceTree = "<group>";
		};
		33DECB1919F6A6EE00169AEF /* LaunchScreen.xib */ = {
			isa = PBXVariantGroup;
			children = (
				33DECB1A19F6A6EE00169AEF /* Base */,
			);
			name = LaunchScreen.xib;
			sourceTree = "<group>";
		};
/* End PBXVariantGroup section */

/* Begin XCBuildConfiguration section */
		33DECB2819F6A6EE00169AEF /* Debug */ = {
			isa = XCBuildConfiguration;
			buildSettings = {
				ALWAYS_SEARCH_USER_PATHS = NO;
				CLANG_CXX_LANGUAGE_STANDARD = "gnu++0x";
				CLANG_CXX_LIBRARY = "libc++";
				CLANG_ENABLE_MODULES = YES;
				CLANG_ENABLE_OBJC_ARC = YES;
				CLANG_WARN_BOOL_CONVERSION = YES;
				CLANG_WARN_CONSTANT_CONVERSION = YES;
				CLANG_WARN_DIRECT_OBJC_ISA_USAGE = YES_ERROR;
				CLANG_WARN_EMPTY_BODY = YES;
				CLANG_WARN_ENUM_CONVERSION = YES;
				CLANG_WARN_INT_CONVERSION = YES;
				CLANG_WARN_OBJC_ROOT_CLASS = YES_ERROR;
				CLANG_WARN_UNREACHABLE_CODE = YES;
				CLANG_WARN__DUPLICATE_METHOD_MATCH = YES;
				"CODE_SIGN_IDENTITY[sdk=iphoneos*]" = "iPhone Developer";
				COPY_PHASE_STRIP = NO;
				ENABLE_STRICT_OBJC_MSGSEND = YES;
				GCC_C_LANGUAGE_STANDARD = gnu99;
				GCC_DYNAMIC_NO_PIC = NO;
				GCC_OPTIMIZATION_LEVEL = 0;
				GCC_PREPROCESSOR_DEFINITIONS = (
					"DEBUG=1",
					"$(inherited)",
				);
				GCC_SYMBOLS_PRIVATE_EXTERN = NO;
				GCC_WARN_64_TO_32_BIT_CONVERSION = YES;
				GCC_WARN_ABOUT_RETURN_TYPE = YES_ERROR;
				GCC_WARN_UNDECLARED_SELECTOR = YES;
				GCC_WARN_UNINITIALIZED_AUTOS = YES_AGGRESSIVE;
				GCC_WARN_UNUSED_FUNCTION = YES;
				GCC_WARN_UNUSED_VARIABLE = YES;
				IPHONEOS_DEPLOYMENT_TARGET = 8.0;
				MTL_ENABLE_DEBUG_INFO = YES;
				ONLY_ACTIVE_ARCH = YES;
				SDKROOT = iphoneos;
				SWIFT_OPTIMIZATION_LEVEL = "-Onone";
			};
			name = Debug;
		};
		33DECB2919F6A6EE00169AEF /* Release */ = {
			isa = XCBuildConfiguration;
			buildSettings = {
				ALWAYS_SEARCH_USER_PATHS = NO;
				CLANG_CXX_LANGUAGE_STANDARD = "gnu++0x";
				CLANG_CXX_LIBRARY = "libc++";
				CLANG_ENABLE_MODULES = YES;
				CLANG_ENABLE_OBJC_ARC = YES;
				CLANG_WARN_BOOL_CONVERSION = YES;
				CLANG_WARN_CONSTANT_CONVERSION = YES;
				CLANG_WARN_DIRECT_OBJC_ISA_USAGE = YES_ERROR;
				CLANG_WARN_EMPTY_BODY = YES;
				CLANG_WARN_ENUM_CONVERSION = YES;
				CLANG_WARN_INT_CONVERSION = YES;
				CLANG_WARN_OBJC_ROOT_CLASS = YES_ERROR;
				CLANG_WARN_UNREACHABLE_CODE = YES;
				CLANG_WARN__DUPLICATE_METHOD_MATCH = YES;
				"CODE_SIGN_IDENTITY[sdk=iphoneos*]" = "iPhone Developer";
				COPY_PHASE_STRIP = YES;
				ENABLE_NS_ASSERTIONS = NO;
				ENABLE_STRICT_OBJC_MSGSEND = YES;
				GCC_C_LANGUAGE_STANDARD = gnu99;
				GCC_WARN_64_TO_32_BIT_CONVERSION = YES;
				GCC_WARN_ABOUT_RETURN_TYPE = YES_ERROR;
				GCC_WARN_UNDECLARED_SELECTOR = YES;
				GCC_WARN_UNINITIALIZED_AUTOS = YES_AGGRESSIVE;
				GCC_WARN_UNUSED_FUNCTION = YES;
				GCC_WARN_UNUSED_VARIABLE = YES;
				IPHONEOS_DEPLOYMENT_TARGET = 8.0;
				MTL_ENABLE_DEBUG_INFO = NO;
				SDKROOT = iphoneos;
				VALIDATE_PRODUCT = YES;
			};
			name = Release;
		};
		33DECB2B19F6A6EE00169AEF /* Debug */ = {
			isa = XCBuildConfiguration;
			buildSettings = {
				ASSETCATALOG_COMPILER_APPICON_NAME = AppIcon;
				INFOPLIST_FILE = SlotMachine/Info.plist;
				LD_RUNPATH_SEARCH_PATHS = "$(inherited) @executable_path/Frameworks";
				PRODUCT_NAME = "$(TARGET_NAME)";
			};
			name = Debug;
		};
		33DECB2C19F6A6EE00169AEF /* Release */ = {
			isa = XCBuildConfiguration;
			buildSettings = {
				ASSETCATALOG_COMPILER_APPICON_NAME = AppIcon;
				INFOPLIST_FILE = SlotMachine/Info.plist;
				LD_RUNPATH_SEARCH_PATHS = "$(inherited) @executable_path/Frameworks";
				PRODUCT_NAME = "$(TARGET_NAME)";
			};
			name = Release;
		};
		33DECB2E19F6A6EE00169AEF /* Debug */ = {
			isa = XCBuildConfiguration;
			buildSettings = {
				BUNDLE_LOADER = "$(TEST_HOST)";
				FRAMEWORK_SEARCH_PATHS = (
					"$(SDKROOT)/Developer/Library/Frameworks",
					"$(inherited)",
				);
				GCC_PREPROCESSOR_DEFINITIONS = (
					"DEBUG=1",
					"$(inherited)",
				);
				INFOPLIST_FILE = SlotMachineTests/Info.plist;
				LD_RUNPATH_SEARCH_PATHS = "$(inherited) @executable_path/Frameworks @loader_path/Frameworks";
				PRODUCT_NAME = "$(TARGET_NAME)";
				TEST_HOST = "$(BUILT_PRODUCTS_DIR)/SlotMachine.app/SlotMachine";
			};
			name = Debug;
		};
		33DECB2F19F6A6EE00169AEF /* Release */ = {
			isa = XCBuildConfiguration;
			buildSettings = {
				BUNDLE_LOADER = "$(TEST_HOST)";
				FRAMEWORK_SEARCH_PATHS = (
					"$(SDKROOT)/Developer/Library/Frameworks",
					"$(inherited)",
				);
				INFOPLIST_FILE = SlotMachineTests/Info.plist;
				LD_RUNPATH_SEARCH_PATHS = "$(inherited) @executable_path/Frameworks @loader_path/Frameworks";
				PRODUCT_NAME = "$(TARGET_NAME)";
				TEST_HOST = "$(BUILT_PRODUCTS_DIR)/SlotMachine.app/SlotMachine";
			};
			name = Release;
		};
/* End XCBuildConfiguration section */

/* Begin XCConfigurationList section */
		33DECB0619F6A6EE00169AEF /* Build configuration list for PBXProject "SlotMachine" */ = {
			isa = XCConfigurationList;
			buildConfigurations = (
				33DECB2819F6A6EE00169AEF /* Debug */,
				33DECB2919F6A6EE00169AEF /* Release */,
			);
			defaultConfigurationIsVisible = 0;
			defaultConfigurationName = Release;
		};
		33DECB2A19F6A6EE00169AEF /* Build configuration list for PBXNativeTarget "SlotMachine" */ = {
			isa = XCConfigurationList;
			buildConfigurations = (
				33DECB2B19F6A6EE00169AEF /* Debug */,
				33DECB2C19F6A6EE00169AEF /* Release */,
			);
			defaultConfigurationIsVisible = 0;
		};
		33DECB2D19F6A6EE00169AEF /* Build configuration list for PBXNativeTarget "SlotMachineTests" */ = {
			isa = XCConfigurationList;
			buildConfigurations = (
				33DECB2E19F6A6EE00169AEF /* Debug */,
				33DECB2F19F6A6EE00169AEF /* Release */,
			);
			defaultConfigurationIsVisible = 0;
		};
/* End XCConfigurationList section */
	};
	rootObject = 33DECB0319F6A6EE00169AEF /* Project object */;
}
